
Microsoft Visual Studio Solution File, Format Version 12.00
# Visual Studio Version 17
VisualStudioVersion = 17.0.31903.59
MinimumVisualStudioVersion = 10.0.40219.1
Project("{9A19103F-16F7-4668-BE54-9A1E7A4F7556}") = "LeetWars.Emailer.WebAPI", "LeetWars.Emailer\LeetWars.Emailer.WebAPI\LeetWars.Emailer.WebAPI.csproj", "{7012846B-114C-46F0-8E88-3884503EF3EA}"
EndProject
Global
	GlobalSection(SolutionConfigurationPlatforms) = preSolution
		Debug|Any CPU = Debug|Any CPU
		Release|Any CPU = Release|Any CPU
	EndGlobalSection
	GlobalSection(ProjectConfigurationPlatforms) = postSolution
		{7012846B-114C-46F0-8E88-3884503EF3EA}.Debug|Any CPU.ActiveCfg = Debug|Any CPU
		{7012846B-114C-46F0-8E88-3884503EF3EA}.Debug|Any CPU.Build.0 = Debug|Any CPU
		{7012846B-114C-46F0-8E88-3884503EF3EA}.Release|Any CPU.ActiveCfg = Release|Any CPU
		{7012846B-114C-46F0-8E88-3884503EF3EA}.Release|Any CPU.Build.0 = Release|Any CPU
	EndGlobalSection
	GlobalSection(SolutionProperties) = preSolution
		HideSolutionNode = FALSE
	EndGlobalSection
EndGlobal
