
Microsoft Visual Studio Solution File, Format Version 12.00
# Visual Studio Version 17
VisualStudioVersion = 17.4.33103.184
MinimumVisualStudioVersion = 10.0.40219.1
Project("{9A19103F-16F7-4668-BE54-9A1E7A4F7556}") = "LeetWars.Core.BLL", "LeetWars.Core\LeetWars.Core.BLL\LeetWars.Core.BLL.csproj", "{08688759-8DE7-44C9-A1D5-BDBE2923C38B}"
EndProject
Project("{9A19103F-16F7-4668-BE54-9A1E7A4F7556}") = "LeetWars.Core.Common", "LeetWars.Core\LeetWars.Core.Common\LeetWars.Core.Common.csproj", "{975C4BBF-96EF-4963-9F87-61C2403D7C98}"
EndProject
Project("{9A19103F-16F7-4668-BE54-9A1E7A4F7556}") = "LeetWars.Core.DAL", "LeetWars.Core\LeetWars.Core.DAL\LeetWars.Core.DAL.csproj", "{47A390F7-DCE9-4948-AED8-23AED1930359}"
EndProject
Project("{9A19103F-16F7-4668-BE54-9A1E7A4F7556}") = "LeetWars.Core.WebAPI", "LeetWars.Core\LeetWars.Core.WebAPI\LeetWars.Core.WebAPI.csproj", "{C8D4C1DC-541A-4A6E-9571-AAA4BC73C1B8}"
EndProject
Global
	GlobalSection(SolutionConfigurationPlatforms) = preSolution
		Debug|Any CPU = Debug|Any CPU
		Release|Any CPU = Release|Any CPU
	EndGlobalSection
	GlobalSection(ProjectConfigurationPlatforms) = postSolution
		{08688759-8DE7-44C9-A1D5-BDBE2923C38B}.Debug|Any CPU.ActiveCfg = Debug|Any CPU
		{08688759-8DE7-44C9-A1D5-BDBE2923C38B}.Debug|Any CPU.Build.0 = Debug|Any CPU
		{08688759-8DE7-44C9-A1D5-BDBE2923C38B}.Release|Any CPU.ActiveCfg = Release|Any CPU
		{08688759-8DE7-44C9-A1D5-BDBE2923C38B}.Release|Any CPU.Build.0 = Release|Any CPU
		{975C4BBF-96EF-4963-9F87-61C2403D7C98}.Debug|Any CPU.ActiveCfg = Debug|Any CPU
		{975C4BBF-96EF-4963-9F87-61C2403D7C98}.Debug|Any CPU.Build.0 = Debug|Any CPU
		{975C4BBF-96EF-4963-9F87-61C2403D7C98}.Release|Any CPU.ActiveCfg = Release|Any CPU
		{975C4BBF-96EF-4963-9F87-61C2403D7C98}.Release|Any CPU.Build.0 = Release|Any CPU
		{47A390F7-DCE9-4948-AED8-23AED1930359}.Debug|Any CPU.ActiveCfg = Debug|Any CPU
		{47A390F7-DCE9-4948-AED8-23AED1930359}.Debug|Any CPU.Build.0 = Debug|Any CPU
		{47A390F7-DCE9-4948-AED8-23AED1930359}.Release|Any CPU.ActiveCfg = Release|Any CPU
		{47A390F7-DCE9-4948-AED8-23AED1930359}.Release|Any CPU.Build.0 = Release|Any CPU
		{C8D4C1DC-541A-4A6E-9571-AAA4BC73C1B8}.Debug|Any CPU.ActiveCfg = Debug|Any CPU
		{C8D4C1DC-541A-4A6E-9571-AAA4BC73C1B8}.Debug|Any CPU.Build.0 = Debug|Any CPU
		{C8D4C1DC-541A-4A6E-9571-AAA4BC73C1B8}.Release|Any CPU.ActiveCfg = Release|Any CPU
		{C8D4C1DC-541A-4A6E-9571-AAA4BC73C1B8}.Release|Any CPU.Build.0 = Release|Any CPU
	EndGlobalSection
	GlobalSection(SolutionProperties) = preSolution
		HideSolutionNode = FALSE
	EndGlobalSection
	GlobalSection(ExtensibilityGlobals) = postSolution
		SolutionGuid = {842D2BA2-1C5E-490B-B340-25383FB715AC}
	EndGlobalSection
EndGlobal
