
Microsoft Visual Studio Solution File, Format Version 12.00
# Visual Studio Version 17
VisualStudioVersion = 17.0.32112.339
MinimumVisualStudioVersion = 10.0.40219.1
Project("{9A19103F-16F7-4668-BE54-9A1E7A4F7556}") = "LeetWars.Notifier.WebAPI", "LeetWars.Notifier\LeetWars.Notifier.WebAPI\LeetWars.Notifier.WebAPI.csproj", "{7E96B0B5-EE79-482E-BDAF-D069D05BBAF1}"
EndProject
Global
	GlobalSection(SolutionConfigurationPlatforms) = preSolution
		Debug|Any CPU = Debug|Any CPU
		Release|Any CPU = Release|Any CPU
	EndGlobalSection
	GlobalSection(ProjectConfigurationPlatforms) = postSolution
		{7E96B0B5-EE79-482E-BDAF-D069D05BBAF1}.Debug|Any CPU.ActiveCfg = Debug|Any CPU
		{7E96B0B5-EE79-482E-BDAF-D069D05BBAF1}.Debug|Any CPU.Build.0 = Debug|Any CPU
		{7E96B0B5-EE79-482E-BDAF-D069D05BBAF1}.Release|Any CPU.ActiveCfg = Release|Any CPU
		{7E96B0B5-EE79-482E-BDAF-D069D05BBAF1}.Release|Any CPU.Build.0 = Release|Any CPU
	EndGlobalSection
	GlobalSection(SolutionProperties) = preSolution
		HideSolutionNode = FALSE
	EndGlobalSection
	GlobalSection(ExtensibilityGlobals) = postSolution
		SolutionGuid = {4C26BA7D-9459-4DF0-9BD1-4FA8B977082E}
	EndGlobalSection
EndGlobal
