
Microsoft Visual Studio Solution File, Format Version 12.00
# Visual Studio Version 17
VisualStudioVersion = 17.0.32112.339
MinimumVisualStudioVersion = 10.0.40219.1
Project("{9A19103F-16F7-4668-BE54-9A1E7A4F7556}") = "LeetWars.Notifier.WebAPI", "LeetWars.Notifier.WebAPI\LeetWars.Notifier.WebAPI.csproj", "{A4977934-8117-43BB-832E-14AB99E6993A}"
EndProject
Global
	GlobalSection(SolutionConfigurationPlatforms) = preSolution
		Debug|Any CPU = Debug|Any CPU
		Release|Any CPU = Release|Any CPU
	EndGlobalSection
	GlobalSection(ProjectConfigurationPlatforms) = postSolution
		{A4977934-8117-43BB-832E-14AB99E6993A}.Debug|Any CPU.ActiveCfg = Debug|Any CPU
		{A4977934-8117-43BB-832E-14AB99E6993A}.Debug|Any CPU.Build.0 = Debug|Any CPU
		{A4977934-8117-43BB-832E-14AB99E6993A}.Release|Any CPU.ActiveCfg = Release|Any CPU
		{A4977934-8117-43BB-832E-14AB99E6993A}.Release|Any CPU.Build.0 = Release|Any CPU
	EndGlobalSection
	GlobalSection(SolutionProperties) = preSolution
		HideSolutionNode = FALSE
	EndGlobalSection
	GlobalSection(ExtensibilityGlobals) = postSolution
		SolutionGuid = {4C26BA7D-9459-4DF0-9BD1-4FA8B977082E}
	EndGlobalSection
EndGlobal
