
Microsoft Visual Studio Solution File, Format Version 12.00
# Visual Studio Version 17
VisualStudioVersion = 17.4.33103.184
MinimumVisualStudioVersion = 10.0.40219.1
Project("{9A19103F-16F7-4668-BE54-9A1E7A4F7556}") = "LeetWars.Core.DAL", "LeetWars.Core.DAL\LeetWars.Core.DAL.csproj", "{D1AAF8F5-6B94-4F7B-A80E-0C2B66C2EE05}"
EndProject
Project("{9A19103F-16F7-4668-BE54-9A1E7A4F7556}") = "LeetWars.Core.Common", "LeetWars.Core.Common\LeetWars.Core.Common.csproj", "{F3412544-54A3-4E2E-A05F-F8BA9CB49ED8}"
EndProject
Project("{9A19103F-16F7-4668-BE54-9A1E7A4F7556}") = "LeetWars.Core.BLL", "LeetWars.Core.BLL\LeetWars.Core.BLL.csproj", "{016BED10-3BBC-41B9-BE79-60AF6E1F36D6}"
EndProject
Project("{9A19103F-16F7-4668-BE54-9A1E7A4F7556}") = "LeetWars.Core.WebAPI", "LeetWars.Core.WebAPI\LeetWars.Core.WebAPI.csproj", "{98E95255-6925-4E64-8DE9-B6ED3C6656A1}"
EndProject
Global
	GlobalSection(SolutionConfigurationPlatforms) = preSolution
		Debug|Any CPU = Debug|Any CPU
		Release|Any CPU = Release|Any CPU
	EndGlobalSection
	GlobalSection(ProjectConfigurationPlatforms) = postSolution
		{D1AAF8F5-6B94-4F7B-A80E-0C2B66C2EE05}.Debug|Any CPU.ActiveCfg = Debug|Any CPU
		{D1AAF8F5-6B94-4F7B-A80E-0C2B66C2EE05}.Debug|Any CPU.Build.0 = Debug|Any CPU
		{D1AAF8F5-6B94-4F7B-A80E-0C2B66C2EE05}.Release|Any CPU.ActiveCfg = Release|Any CPU
		{D1AAF8F5-6B94-4F7B-A80E-0C2B66C2EE05}.Release|Any CPU.Build.0 = Release|Any CPU
		{F3412544-54A3-4E2E-A05F-F8BA9CB49ED8}.Debug|Any CPU.ActiveCfg = Debug|Any CPU
		{F3412544-54A3-4E2E-A05F-F8BA9CB49ED8}.Debug|Any CPU.Build.0 = Debug|Any CPU
		{F3412544-54A3-4E2E-A05F-F8BA9CB49ED8}.Release|Any CPU.ActiveCfg = Release|Any CPU
		{F3412544-54A3-4E2E-A05F-F8BA9CB49ED8}.Release|Any CPU.Build.0 = Release|Any CPU
		{016BED10-3BBC-41B9-BE79-60AF6E1F36D6}.Debug|Any CPU.ActiveCfg = Debug|Any CPU
		{016BED10-3BBC-41B9-BE79-60AF6E1F36D6}.Debug|Any CPU.Build.0 = Debug|Any CPU
		{016BED10-3BBC-41B9-BE79-60AF6E1F36D6}.Release|Any CPU.ActiveCfg = Release|Any CPU
		{016BED10-3BBC-41B9-BE79-60AF6E1F36D6}.Release|Any CPU.Build.0 = Release|Any CPU
		{98E95255-6925-4E64-8DE9-B6ED3C6656A1}.Debug|Any CPU.ActiveCfg = Debug|Any CPU
		{98E95255-6925-4E64-8DE9-B6ED3C6656A1}.Debug|Any CPU.Build.0 = Debug|Any CPU
		{98E95255-6925-4E64-8DE9-B6ED3C6656A1}.Release|Any CPU.ActiveCfg = Release|Any CPU
		{98E95255-6925-4E64-8DE9-B6ED3C6656A1}.Release|Any CPU.Build.0 = Release|Any CPU
	EndGlobalSection
	GlobalSection(SolutionProperties) = preSolution
		HideSolutionNode = FALSE
	EndGlobalSection
	GlobalSection(ExtensibilityGlobals) = postSolution
		SolutionGuid = {842D2BA2-1C5E-490B-B340-25383FB715AC}
	EndGlobalSection
EndGlobal
